// !$*UTF8*$!
{
	archiveVersion = 1;
	classes = {
	};
	objectVersion = 46;
	objects = {

/* Begin PBXBuildFile section */
		31AA46DF1D0B43A0006C42BA /* RedditEntryModelTest.swift in Sources */ = {isa = PBXBuildFile; fileRef = 31AA46DE1D0B43A0006C42BA /* RedditEntryModelTest.swift */; };
		31AA46E11D0B4D2C006C42BA /* ReditClientTests.swift in Sources */ = {isa = PBXBuildFile; fileRef = 31AA46E01D0B4D2C006C42BA /* ReditClientTests.swift */; };
		31AA46EE1D0B97EE006C42BA /* NSDate+AgeFormatterTests.swift in Sources */ = {isa = PBXBuildFile; fileRef = 31AA46ED1D0B97EE006C42BA /* NSDate+AgeFormatterTests.swift */; };
		31AA46F41D0C3F9E006C42BA /* TopEntriesViewModelTests.swift in Sources */ = {isa = PBXBuildFile; fileRef = 31AA46F31D0C3F9E006C42BA /* TopEntriesViewModelTests.swift */; };
		31CAC14C1D0B412600E553AC /* Main.storyboard in Resources */ = {isa = PBXBuildFile; fileRef = 31CAC14A1D0B412600E553AC /* Main.storyboard */; };
		31CAC14E1D0B412600E553AC /* Assets.xcassets in Resources */ = {isa = PBXBuildFile; fileRef = 31CAC14D1D0B412600E553AC /* Assets.xcassets */; };
		31CAC1511D0B412600E553AC /* LaunchScreen.storyboard in Resources */ = {isa = PBXBuildFile; fileRef = 31CAC14F1D0B412600E553AC /* LaunchScreen.storyboard */; };
		3E9E7CC09B327E924947C00A /* Pods_freeza.framework in Frameworks */ = {isa = PBXBuildFile; fileRef = 6F85AB25F212C78ABD4C4A55 /* Pods_freeza.framework */; };
		566C27FE25AD448D00FF5E30 /* Persistence.swift in Sources */ = {isa = PBXBuildFile; fileRef = 566C27FD25AD448D00FF5E30 /* Persistence.swift */; };
		566C280825AD47EB00FF5E30 /* PersistenceTests.swift in Sources */ = {isa = PBXBuildFile; fileRef = 566C280725AD47EB00FF5E30 /* PersistenceTests.swift */; };
		566C283C25AD683700FF5E30 /* FavoritesViewController.swift in Sources */ = {isa = PBXBuildFile; fileRef = 566C283B25AD683700FF5E30 /* FavoritesViewController.swift */; };
		566C284225AD68AF00FF5E30 /* FavoritesViewModel.swift in Sources */ = {isa = PBXBuildFile; fileRef = 566C284125AD68AF00FF5E30 /* FavoritesViewModel.swift */; };
		567E027525AA9E8500CF360E /* NSFWEntriesViewModel.swift in Sources */ = {isa = PBXBuildFile; fileRef = 567E027425AA9E8400CF360E /* NSFWEntriesViewModel.swift */; };
		567E027925AA9F3C00CF360E /* NSFWEntriesViewModelTests.swift in Sources */ = {isa = PBXBuildFile; fileRef = 567E027825AA9F3C00CF360E /* NSFWEntriesViewModelTests.swift */; };
		567E027F25AAA02D00CF360E /* NSFWEntriesViewController.swift in Sources */ = {isa = PBXBuildFile; fileRef = 567E027E25AAA02D00CF360E /* NSFWEntriesViewController.swift */; };
		567EFC0A25A7B64D00CF360E /* AppDelegate.swift in Sources */ = {isa = PBXBuildFile; fileRef = 567EFC0925A7B64D00CF360E /* AppDelegate.swift */; };
		567EFC2825A7B65D00CF360E /* TopEntriesViewController.swift in Sources */ = {isa = PBXBuildFile; fileRef = 567EFC1025A7B65D00CF360E /* TopEntriesViewController.swift */; };
		567EFC2925A7B65D00CF360E /* URLViewController.swift in Sources */ = {isa = PBXBuildFile; fileRef = 567EFC1125A7B65D00CF360E /* URLViewController.swift */; };
		567EFC2E25A7B65D00CF360E /* RedditClient.swift in Sources */ = {isa = PBXBuildFile; fileRef = 567EFC1725A7B65D00CF360E /* RedditClient.swift */; };
		567EFC2F25A7B65D00CF360E /* Client.swift in Sources */ = {isa = PBXBuildFile; fileRef = 567EFC1825A7B65D00CF360E /* Client.swift */; };
		567EFC3025A7B65D00CF360E /* UIView.swift in Sources */ = {isa = PBXBuildFile; fileRef = 567EFC1A25A7B65D00CF360E /* UIView.swift */; };
		567EFC3125A7B65D00CF360E /* NSDate+AgeFormatter.swift in Sources */ = {isa = PBXBuildFile; fileRef = 567EFC1B25A7B65D00CF360E /* NSDate+AgeFormatter.swift */; };
		567EFC3325A7B65D00CF360E /* EntryModel.swift in Sources */ = {isa = PBXBuildFile; fileRef = 567EFC1E25A7B65D00CF360E /* EntryModel.swift */; };
		567EFC3525A7B65D00CF360E /* EntryTableViewCell.swift in Sources */ = {isa = PBXBuildFile; fileRef = 567EFC2125A7B65D00CF360E /* EntryTableViewCell.swift */; };
		567EFC3925A7B65D00CF360E /* TopEntriesViewModel.swift in Sources */ = {isa = PBXBuildFile; fileRef = 567EFC2625A7B65D00CF360E /* TopEntriesViewModel.swift */; };
		567EFC3A25A7B65D00CF360E /* EntryViewModel.swift in Sources */ = {isa = PBXBuildFile; fileRef = 567EFC2725A7B65D00CF360E /* EntryViewModel.swift */; };
		56B7254625AD419F003A23C5 /* Favorite.swift in Sources */ = {isa = PBXBuildFile; fileRef = 56B7254525AD419F003A23C5 /* Favorite.swift */; };
		889B80A7FE8075A840CA4CBF /* Pods_freezaTests.framework in Frameworks */ = {isa = PBXBuildFile; fileRef = E23E01FE8736572F2AA7372E /* Pods_freezaTests.framework */; };
/* End PBXBuildFile section */

/* Begin PBXContainerItemProxy section */
		31CAC1581D0B412600E553AC /* PBXContainerItemProxy */ = {
			isa = PBXContainerItemProxy;
			containerPortal = 31CAC13B1D0B412600E553AC /* Project object */;
			proxyType = 1;
			remoteGlobalIDString = 31CAC1421D0B412600E553AC;
			remoteInfo = freeza;
		};
/* End PBXContainerItemProxy section */

/* Begin PBXFileReference section */
		0D2D4A4A6BE9EB15CABC5CBB /* Pods-freezaTests.debug.xcconfig */ = {isa = PBXFileReference; includeInIndex = 1; lastKnownFileType = text.xcconfig; name = "Pods-freezaTests.debug.xcconfig"; path = "Target Support Files/Pods-freezaTests/Pods-freezaTests.debug.xcconfig"; sourceTree = "<group>"; };
		31AA46DE1D0B43A0006C42BA /* RedditEntryModelTest.swift */ = {isa = PBXFileReference; fileEncoding = 4; lastKnownFileType = sourcecode.swift; path = RedditEntryModelTest.swift; sourceTree = "<group>"; };
		31AA46E01D0B4D2C006C42BA /* ReditClientTests.swift */ = {isa = PBXFileReference; fileEncoding = 4; lastKnownFileType = sourcecode.swift; path = ReditClientTests.swift; sourceTree = "<group>"; };
		31AA46ED1D0B97EE006C42BA /* NSDate+AgeFormatterTests.swift */ = {isa = PBXFileReference; fileEncoding = 4; lastKnownFileType = sourcecode.swift; path = "NSDate+AgeFormatterTests.swift"; sourceTree = "<group>"; };
		31AA46F31D0C3F9E006C42BA /* TopEntriesViewModelTests.swift */ = {isa = PBXFileReference; fileEncoding = 4; lastKnownFileType = sourcecode.swift; path = TopEntriesViewModelTests.swift; sourceTree = "<group>"; };
		31CAC1431D0B412600E553AC /* freeza.app */ = {isa = PBXFileReference; explicitFileType = wrapper.application; includeInIndex = 0; path = freeza.app; sourceTree = BUILT_PRODUCTS_DIR; };
		31CAC14B1D0B412600E553AC /* Base */ = {isa = PBXFileReference; lastKnownFileType = file.storyboard; name = Base; path = Base.lproj/Main.storyboard; sourceTree = "<group>"; };
		31CAC14D1D0B412600E553AC /* Assets.xcassets */ = {isa = PBXFileReference; lastKnownFileType = folder.assetcatalog; path = Assets.xcassets; sourceTree = "<group>"; };
		31CAC1501D0B412600E553AC /* Base */ = {isa = PBXFileReference; lastKnownFileType = file.storyboard; name = Base; path = Base.lproj/LaunchScreen.storyboard; sourceTree = "<group>"; };
		31CAC1521D0B412600E553AC /* Info.plist */ = {isa = PBXFileReference; lastKnownFileType = text.plist.xml; path = Info.plist; sourceTree = "<group>"; };
		31CAC1571D0B412600E553AC /* freezaTests.xctest */ = {isa = PBXFileReference; explicitFileType = wrapper.cfbundle; includeInIndex = 0; path = freezaTests.xctest; sourceTree = BUILT_PRODUCTS_DIR; };
		31CAC15D1D0B412600E553AC /* Info.plist */ = {isa = PBXFileReference; lastKnownFileType = text.plist.xml; path = Info.plist; sourceTree = "<group>"; };
		380615784C9E115C698B4A08 /* Pods-freeza.debug.xcconfig */ = {isa = PBXFileReference; includeInIndex = 1; lastKnownFileType = text.xcconfig; name = "Pods-freeza.debug.xcconfig"; path = "Target Support Files/Pods-freeza/Pods-freeza.debug.xcconfig"; sourceTree = "<group>"; };
		540ABF623CABD3CD31D24553 /* Pods-freeza.release.xcconfig */ = {isa = PBXFileReference; includeInIndex = 1; lastKnownFileType = text.xcconfig; name = "Pods-freeza.release.xcconfig"; path = "Target Support Files/Pods-freeza/Pods-freeza.release.xcconfig"; sourceTree = "<group>"; };
		566C27FD25AD448D00FF5E30 /* Persistence.swift */ = {isa = PBXFileReference; lastKnownFileType = sourcecode.swift; path = Persistence.swift; sourceTree = "<group>"; };
		566C280725AD47EB00FF5E30 /* PersistenceTests.swift */ = {isa = PBXFileReference; lastKnownFileType = sourcecode.swift; path = PersistenceTests.swift; sourceTree = "<group>"; };
		566C283B25AD683700FF5E30 /* FavoritesViewController.swift */ = {isa = PBXFileReference; fileEncoding = 4; lastKnownFileType = sourcecode.swift; path = FavoritesViewController.swift; sourceTree = "<group>"; };
		566C284125AD68AF00FF5E30 /* FavoritesViewModel.swift */ = {isa = PBXFileReference; fileEncoding = 4; lastKnownFileType = sourcecode.swift; path = FavoritesViewModel.swift; sourceTree = "<group>"; };
		567E027425AA9E8400CF360E /* NSFWEntriesViewModel.swift */ = {isa = PBXFileReference; fileEncoding = 4; lastKnownFileType = sourcecode.swift; path = NSFWEntriesViewModel.swift; sourceTree = "<group>"; };
		567E027825AA9F3C00CF360E /* NSFWEntriesViewModelTests.swift */ = {isa = PBXFileReference; fileEncoding = 4; lastKnownFileType = sourcecode.swift; path = NSFWEntriesViewModelTests.swift; sourceTree = "<group>"; };
		567E027E25AAA02D00CF360E /* NSFWEntriesViewController.swift */ = {isa = PBXFileReference; fileEncoding = 4; lastKnownFileType = sourcecode.swift; path = NSFWEntriesViewController.swift; sourceTree = "<group>"; };
		567EFC0925A7B64D00CF360E /* AppDelegate.swift */ = {isa = PBXFileReference; fileEncoding = 4; lastKnownFileType = sourcecode.swift; path = AppDelegate.swift; sourceTree = "<group>"; };
		567EFC1025A7B65D00CF360E /* TopEntriesViewController.swift */ = {isa = PBXFileReference; fileEncoding = 4; lastKnownFileType = sourcecode.swift; path = TopEntriesViewController.swift; sourceTree = "<group>"; };
		567EFC1125A7B65D00CF360E /* URLViewController.swift */ = {isa = PBXFileReference; fileEncoding = 4; lastKnownFileType = sourcecode.swift; path = URLViewController.swift; sourceTree = "<group>"; };
		567EFC1725A7B65D00CF360E /* RedditClient.swift */ = {isa = PBXFileReference; fileEncoding = 4; lastKnownFileType = sourcecode.swift; path = RedditClient.swift; sourceTree = "<group>"; };
		567EFC1825A7B65D00CF360E /* Client.swift */ = {isa = PBXFileReference; fileEncoding = 4; lastKnownFileType = sourcecode.swift; path = Client.swift; sourceTree = "<group>"; };
		567EFC1A25A7B65D00CF360E /* UIView.swift */ = {isa = PBXFileReference; fileEncoding = 4; lastKnownFileType = sourcecode.swift; path = UIView.swift; sourceTree = "<group>"; };
		567EFC1B25A7B65D00CF360E /* NSDate+AgeFormatter.swift */ = {isa = PBXFileReference; fileEncoding = 4; lastKnownFileType = sourcecode.swift; path = "NSDate+AgeFormatter.swift"; sourceTree = "<group>"; };
		567EFC1E25A7B65D00CF360E /* EntryModel.swift */ = {isa = PBXFileReference; fileEncoding = 4; lastKnownFileType = sourcecode.swift; path = EntryModel.swift; sourceTree = "<group>"; };
		567EFC2125A7B65D00CF360E /* EntryTableViewCell.swift */ = {isa = PBXFileReference; fileEncoding = 4; lastKnownFileType = sourcecode.swift; path = EntryTableViewCell.swift; sourceTree = "<group>"; };
		567EFC2625A7B65D00CF360E /* TopEntriesViewModel.swift */ = {isa = PBXFileReference; fileEncoding = 4; lastKnownFileType = sourcecode.swift; path = TopEntriesViewModel.swift; sourceTree = "<group>"; };
		567EFC2725A7B65D00CF360E /* EntryViewModel.swift */ = {isa = PBXFileReference; fileEncoding = 4; lastKnownFileType = sourcecode.swift; path = EntryViewModel.swift; sourceTree = "<group>"; };
		56B7254525AD419F003A23C5 /* Favorite.swift */ = {isa = PBXFileReference; lastKnownFileType = sourcecode.swift; path = Favorite.swift; sourceTree = "<group>"; };
		6F85AB25F212C78ABD4C4A55 /* Pods_freeza.framework */ = {isa = PBXFileReference; explicitFileType = wrapper.framework; includeInIndex = 0; path = Pods_freeza.framework; sourceTree = BUILT_PRODUCTS_DIR; };
		CF75DA7A4CF7CE0B36F903DD /* Pods-freezaTests.release.xcconfig */ = {isa = PBXFileReference; includeInIndex = 1; lastKnownFileType = text.xcconfig; name = "Pods-freezaTests.release.xcconfig"; path = "Target Support Files/Pods-freezaTests/Pods-freezaTests.release.xcconfig"; sourceTree = "<group>"; };
		E23E01FE8736572F2AA7372E /* Pods_freezaTests.framework */ = {isa = PBXFileReference; explicitFileType = wrapper.framework; includeInIndex = 0; path = Pods_freezaTests.framework; sourceTree = BUILT_PRODUCTS_DIR; };
/* End PBXFileReference section */

/* Begin PBXFrameworksBuildPhase section */
		31CAC1401D0B412600E553AC /* Frameworks */ = {
			isa = PBXFrameworksBuildPhase;
			buildActionMask = 2147483647;
			files = (
				3E9E7CC09B327E924947C00A /* Pods_freeza.framework in Frameworks */,
			);
			runOnlyForDeploymentPostprocessing = 0;
		};
		31CAC1541D0B412600E553AC /* Frameworks */ = {
			isa = PBXFrameworksBuildPhase;
			buildActionMask = 2147483647;
			files = (
				889B80A7FE8075A840CA4CBF /* Pods_freezaTests.framework in Frameworks */,
			);
			runOnlyForDeploymentPostprocessing = 0;
		};
/* End PBXFrameworksBuildPhase section */

/* Begin PBXGroup section */
		18E918C0AF8E5438ADB363FF /* Pods */ = {
			isa = PBXGroup;
			children = (
				380615784C9E115C698B4A08 /* Pods-freeza.debug.xcconfig */,
				540ABF623CABD3CD31D24553 /* Pods-freeza.release.xcconfig */,
				0D2D4A4A6BE9EB15CABC5CBB /* Pods-freezaTests.debug.xcconfig */,
				CF75DA7A4CF7CE0B36F903DD /* Pods-freezaTests.release.xcconfig */,
			);
			path = Pods;
			sourceTree = "<group>";
		};
		31AA46DD1D0B438C006C42BA /* Connectivity */ = {
			isa = PBXGroup;
			children = (
				31AA46DE1D0B43A0006C42BA /* RedditEntryModelTest.swift */,
				31AA46E01D0B4D2C006C42BA /* ReditClientTests.swift */,
			);
			name = Connectivity;
			sourceTree = "<group>";
		};
		31AA46EA1D0B9783006C42BA /* ViewModels */ = {
			isa = PBXGroup;
			children = (
				31AA46ED1D0B97EE006C42BA /* NSDate+AgeFormatterTests.swift */,
				567E027825AA9F3C00CF360E /* NSFWEntriesViewModelTests.swift */,
				31AA46F31D0C3F9E006C42BA /* TopEntriesViewModelTests.swift */,
			);
			name = ViewModels;
			sourceTree = "<group>";
		};
		31AA46FB1D0C5470006C42BA /* Support */ = {
			isa = PBXGroup;
			children = (
				31CAC14D1D0B412600E553AC /* Assets.xcassets */,
				31CAC1521D0B412600E553AC /* Info.plist */,
			);
			name = Support;
			sourceTree = "<group>";
		};
		31AA46FC1D0C5480006C42BA /* Storyboards */ = {
			isa = PBXGroup;
			children = (
				31CAC14F1D0B412600E553AC /* LaunchScreen.storyboard */,
				31CAC14A1D0B412600E553AC /* Main.storyboard */,
			);
			name = Storyboards;
			sourceTree = "<group>";
		};
		31CAC13A1D0B412600E553AC = {
			isa = PBXGroup;
			children = (
				31CAC1451D0B412600E553AC /* freeza */,
				31CAC15A1D0B412600E553AC /* freezaTests */,
				31CAC1441D0B412600E553AC /* Products */,
				18E918C0AF8E5438ADB363FF /* Pods */,
				634E739FB238253E75CE8FD7 /* Frameworks */,
			);
			sourceTree = "<group>";
		};
		31CAC1441D0B412600E553AC /* Products */ = {
			isa = PBXGroup;
			children = (
				31CAC1431D0B412600E553AC /* freeza.app */,
				31CAC1571D0B412600E553AC /* freezaTests.xctest */,
			);
			name = Products;
			sourceTree = "<group>";
		};
		31CAC1451D0B412600E553AC /* freeza */ = {
			isa = PBXGroup;
			children = (
				566C27FC25AD448100FF5E30 /* Persistence */,
				567EFC0825A7B64D00CF360E /* Application */,
				31AA46FC1D0C5480006C42BA /* Storyboards */,
				31AA46FB1D0C5470006C42BA /* Support */,
				567EFC1F25A7B65D00CF360E /* Cells */,
				567EFC1625A7B65D00CF360E /* Client */,
				567EFC0F25A7B65D00CF360E /* Controllers */,
				567EFC1925A7B65D00CF360E /* Extensions */,
				567EFC1D25A7B65D00CF360E /* Model */,
				567EFC2525A7B65D00CF360E /* ViewModel */,
			);
			path = freeza;
			sourceTree = "<group>";
		};
		31CAC15A1D0B412600E553AC /* freezaTests */ = {
			isa = PBXGroup;
			children = (
				566C280625AD47D900FF5E30 /* Database */,
				31AA46DD1D0B438C006C42BA /* Connectivity */,
				31AA46EA1D0B9783006C42BA /* ViewModels */,
				31CAC15D1D0B412600E553AC /* Info.plist */,
			);
			path = freezaTests;
			sourceTree = "<group>";
		};
		566C27FC25AD448100FF5E30 /* Persistence */ = {
			isa = PBXGroup;
			children = (
				566C27FD25AD448D00FF5E30 /* Persistence.swift */,
			);
			path = Persistence;
			sourceTree = "<group>";
		};
		566C280625AD47D900FF5E30 /* Database */ = {
			isa = PBXGroup;
			children = (
				566C280725AD47EB00FF5E30 /* PersistenceTests.swift */,
			);
			name = Database;
			sourceTree = "<group>";
		};
		567EFC0825A7B64D00CF360E /* Application */ = {
			isa = PBXGroup;
			children = (
				567EFC0925A7B64D00CF360E /* AppDelegate.swift */,
			);
			path = Application;
			sourceTree = "<group>";
		};
		567EFC0F25A7B65D00CF360E /* Controllers */ = {
			isa = PBXGroup;
			children = (
				567EFC1025A7B65D00CF360E /* TopEntriesViewController.swift */,
				567E027E25AAA02D00CF360E /* NSFWEntriesViewController.swift */,
				566C283B25AD683700FF5E30 /* FavoritesViewController.swift */,
				567EFC1125A7B65D00CF360E /* URLViewController.swift */,
			);
			path = Controllers;
			sourceTree = "<group>";
		};
		567EFC1625A7B65D00CF360E /* Client */ = {
			isa = PBXGroup;
			children = (
				567EFC1725A7B65D00CF360E /* RedditClient.swift */,
				567EFC1825A7B65D00CF360E /* Client.swift */,
			);
			path = Client;
			sourceTree = "<group>";
		};
		567EFC1925A7B65D00CF360E /* Extensions */ = {
			isa = PBXGroup;
			children = (
				567EFC1A25A7B65D00CF360E /* UIView.swift */,
				567EFC1B25A7B65D00CF360E /* NSDate+AgeFormatter.swift */,
			);
			path = Extensions;
			sourceTree = "<group>";
		};
		567EFC1D25A7B65D00CF360E /* Model */ = {
			isa = PBXGroup;
			children = (
				567EFC1E25A7B65D00CF360E /* EntryModel.swift */,
				56B7254525AD419F003A23C5 /* Favorite.swift */,
			);
			path = Model;
			sourceTree = "<group>";
		};
		567EFC1F25A7B65D00CF360E /* Cells */ = {
			isa = PBXGroup;
			children = (
				567EFC2125A7B65D00CF360E /* EntryTableViewCell.swift */,
			);
			path = Cells;
			sourceTree = "<group>";
		};
		567EFC2525A7B65D00CF360E /* ViewModel */ = {
			isa = PBXGroup;
			children = (
				567EFC2625A7B65D00CF360E /* TopEntriesViewModel.swift */,
				567E027425AA9E8400CF360E /* NSFWEntriesViewModel.swift */,
				566C284125AD68AF00FF5E30 /* FavoritesViewModel.swift */,
				567EFC2725A7B65D00CF360E /* EntryViewModel.swift */,
			);
			path = ViewModel;
			sourceTree = "<group>";
		};
		634E739FB238253E75CE8FD7 /* Frameworks */ = {
			isa = PBXGroup;
			children = (
				6F85AB25F212C78ABD4C4A55 /* Pods_freeza.framework */,
				E23E01FE8736572F2AA7372E /* Pods_freezaTests.framework */,
			);
			name = Frameworks;
			sourceTree = "<group>";
		};
/* End PBXGroup section */

/* Begin PBXNativeTarget section */
		31CAC1421D0B412600E553AC /* freeza */ = {
			isa = PBXNativeTarget;
			buildConfigurationList = 31CAC1601D0B412600E553AC /* Build configuration list for PBXNativeTarget "freeza" */;
			buildPhases = (
				A923990C20B83222F258E88A /* [CP] Check Pods Manifest.lock */,
				31CAC13F1D0B412600E553AC /* Sources */,
				31CAC1401D0B412600E553AC /* Frameworks */,
				31CAC1411D0B412600E553AC /* Resources */,
				74532E17066EBD519040B04D /* [CP] Embed Pods Frameworks */,
			);
			buildRules = (
			);
			dependencies = (
			);
			name = freeza;
			productName = freeza;
			productReference = 31CAC1431D0B412600E553AC /* freeza.app */;
			productType = "com.apple.product-type.application";
		};
		31CAC1561D0B412600E553AC /* freezaTests */ = {
			isa = PBXNativeTarget;
			buildConfigurationList = 31CAC1631D0B412600E553AC /* Build configuration list for PBXNativeTarget "freezaTests" */;
			buildPhases = (
				388F882CD79FC1A019042B63 /* [CP] Check Pods Manifest.lock */,
				31CAC1531D0B412600E553AC /* Sources */,
				31CAC1541D0B412600E553AC /* Frameworks */,
				31CAC1551D0B412600E553AC /* Resources */,
				0A67A6B4E156B638CE59E411 /* [CP] Embed Pods Frameworks */,
			);
			buildRules = (
			);
			dependencies = (
				31CAC1591D0B412600E553AC /* PBXTargetDependency */,
			);
			name = freezaTests;
			productName = freezaTests;
			productReference = 31CAC1571D0B412600E553AC /* freezaTests.xctest */;
			productType = "com.apple.product-type.bundle.unit-test";
		};
/* End PBXNativeTarget section */

/* Begin PBXProject section */
		31CAC13B1D0B412600E553AC /* Project object */ = {
			isa = PBXProject;
			attributes = {
				LastSwiftUpdateCheck = 0730;
				LastUpgradeCheck = 1210;
				ORGANIZATIONNAME = Zerously;
				TargetAttributes = {
					31CAC1421D0B412600E553AC = {
						CreatedOnToolsVersion = 7.3.1;
						LastSwiftMigration = 0920;
					};
					31CAC1561D0B412600E553AC = {
						CreatedOnToolsVersion = 7.3.1;
						TestTargetID = 31CAC1421D0B412600E553AC;
					};
				};
			};
			buildConfigurationList = 31CAC13E1D0B412600E553AC /* Build configuration list for PBXProject "freeza" */;
			compatibilityVersion = "Xcode 3.2";
			developmentRegion = en;
			hasScannedForEncodings = 0;
			knownRegions = (
				en,
				Base,
			);
			mainGroup = 31CAC13A1D0B412600E553AC;
			productRefGroup = 31CAC1441D0B412600E553AC /* Products */;
			projectDirPath = "";
			projectRoot = "";
			targets = (
				31CAC1421D0B412600E553AC /* freeza */,
				31CAC1561D0B412600E553AC /* freezaTests */,
			);
		};
/* End PBXProject section */

/* Begin PBXResourcesBuildPhase section */
		31CAC1411D0B412600E553AC /* Resources */ = {
			isa = PBXResourcesBuildPhase;
			buildActionMask = 2147483647;
			files = (
				31CAC1511D0B412600E553AC /* LaunchScreen.storyboard in Resources */,
				31CAC14E1D0B412600E553AC /* Assets.xcassets in Resources */,
				31CAC14C1D0B412600E553AC /* Main.storyboard in Resources */,
			);
			runOnlyForDeploymentPostprocessing = 0;
		};
		31CAC1551D0B412600E553AC /* Resources */ = {
			isa = PBXResourcesBuildPhase;
			buildActionMask = 2147483647;
			files = (
			);
			runOnlyForDeploymentPostprocessing = 0;
		};
/* End PBXResourcesBuildPhase section */

/* Begin PBXShellScriptBuildPhase section */
		0A67A6B4E156B638CE59E411 /* [CP] Embed Pods Frameworks */ = {
			isa = PBXShellScriptBuildPhase;
			buildActionMask = 2147483647;
			files = (
			);
			inputPaths = (
				"${PODS_ROOT}/Target Support Files/Pods-freezaTests/Pods-freezaTests-frameworks.sh",
				"${BUILT_PRODUCTS_DIR}/Realm/Realm.framework",
				"${BUILT_PRODUCTS_DIR}/RealmSwift/RealmSwift.framework",
			);
			name = "[CP] Embed Pods Frameworks";
			outputPaths = (
				"${TARGET_BUILD_DIR}/${FRAMEWORKS_FOLDER_PATH}/Realm.framework",
				"${TARGET_BUILD_DIR}/${FRAMEWORKS_FOLDER_PATH}/RealmSwift.framework",
			);
			runOnlyForDeploymentPostprocessing = 0;
			shellPath = /bin/sh;
			shellScript = "\"${PODS_ROOT}/Target Support Files/Pods-freezaTests/Pods-freezaTests-frameworks.sh\"\n";
			showEnvVarsInLog = 0;
		};
		388F882CD79FC1A019042B63 /* [CP] Check Pods Manifest.lock */ = {
			isa = PBXShellScriptBuildPhase;
			buildActionMask = 2147483647;
			files = (
			);
			inputFileListPaths = (
			);
			inputPaths = (
				"${PODS_PODFILE_DIR_PATH}/Podfile.lock",
				"${PODS_ROOT}/Manifest.lock",
			);
			name = "[CP] Check Pods Manifest.lock";
			outputFileListPaths = (
			);
			outputPaths = (
				"$(DERIVED_FILE_DIR)/Pods-freezaTests-checkManifestLockResult.txt",
			);
			runOnlyForDeploymentPostprocessing = 0;
			shellPath = /bin/sh;
			shellScript = "diff \"${PODS_PODFILE_DIR_PATH}/Podfile.lock\" \"${PODS_ROOT}/Manifest.lock\" > /dev/null\nif [ $? != 0 ] ; then\n    # print error to STDERR\n    echo \"error: The sandbox is not in sync with the Podfile.lock. Run 'pod install' or update your CocoaPods installation.\" >&2\n    exit 1\nfi\n# This output is used by Xcode 'outputs' to avoid re-running this script phase.\necho \"SUCCESS\" > \"${SCRIPT_OUTPUT_FILE_0}\"\n";
			showEnvVarsInLog = 0;
		};
		74532E17066EBD519040B04D /* [CP] Embed Pods Frameworks */ = {
			isa = PBXShellScriptBuildPhase;
			buildActionMask = 2147483647;
			files = (
			);
			inputPaths = (
				"${PODS_ROOT}/Target Support Files/Pods-freeza/Pods-freeza-frameworks.sh",
				"${BUILT_PRODUCTS_DIR}/Realm/Realm.framework",
				"${BUILT_PRODUCTS_DIR}/RealmSwift/RealmSwift.framework",
			);
			name = "[CP] Embed Pods Frameworks";
			outputPaths = (
				"${TARGET_BUILD_DIR}/${FRAMEWORKS_FOLDER_PATH}/Realm.framework",
				"${TARGET_BUILD_DIR}/${FRAMEWORKS_FOLDER_PATH}/RealmSwift.framework",
			);
			runOnlyForDeploymentPostprocessing = 0;
			shellPath = /bin/sh;
			shellScript = "\"${PODS_ROOT}/Target Support Files/Pods-freeza/Pods-freeza-frameworks.sh\"\n";
			showEnvVarsInLog = 0;
		};
		A923990C20B83222F258E88A /* [CP] Check Pods Manifest.lock */ = {
			isa = PBXShellScriptBuildPhase;
			buildActionMask = 2147483647;
			files = (
			);
			inputFileListPaths = (
			);
			inputPaths = (
				"${PODS_PODFILE_DIR_PATH}/Podfile.lock",
				"${PODS_ROOT}/Manifest.lock",
			);
			name = "[CP] Check Pods Manifest.lock";
			outputFileListPaths = (
			);
			outputPaths = (
				"$(DERIVED_FILE_DIR)/Pods-freeza-checkManifestLockResult.txt",
			);
			runOnlyForDeploymentPostprocessing = 0;
			shellPath = /bin/sh;
			shellScript = "diff \"${PODS_PODFILE_DIR_PATH}/Podfile.lock\" \"${PODS_ROOT}/Manifest.lock\" > /dev/null\nif [ $? != 0 ] ; then\n    # print error to STDERR\n    echo \"error: The sandbox is not in sync with the Podfile.lock. Run 'pod install' or update your CocoaPods installation.\" >&2\n    exit 1\nfi\n# This output is used by Xcode 'outputs' to avoid re-running this script phase.\necho \"SUCCESS\" > \"${SCRIPT_OUTPUT_FILE_0}\"\n";
			showEnvVarsInLog = 0;
		};
/* End PBXShellScriptBuildPhase section */

/* Begin PBXSourcesBuildPhase section */
		31CAC13F1D0B412600E553AC /* Sources */ = {
			isa = PBXSourcesBuildPhase;
			buildActionMask = 2147483647;
			files = (
				567EFC3025A7B65D00CF360E /* UIView.swift in Sources */,
				56B7254625AD419F003A23C5 /* Favorite.swift in Sources */,
				566C283C25AD683700FF5E30 /* FavoritesViewController.swift in Sources */,
				567EFC2E25A7B65D00CF360E /* RedditClient.swift in Sources */,
				566C27FE25AD448D00FF5E30 /* Persistence.swift in Sources */,
				567EFC0A25A7B64D00CF360E /* AppDelegate.swift in Sources */,
				567EFC3125A7B65D00CF360E /* NSDate+AgeFormatter.swift in Sources */,
				566C284225AD68AF00FF5E30 /* FavoritesViewModel.swift in Sources */,
				567EFC2925A7B65D00CF360E /* URLViewController.swift in Sources */,
				567E027525AA9E8500CF360E /* NSFWEntriesViewModel.swift in Sources */,
				567EFC2825A7B65D00CF360E /* TopEntriesViewController.swift in Sources */,
				567EFC3925A7B65D00CF360E /* TopEntriesViewModel.swift in Sources */,
				567EFC3525A7B65D00CF360E /* EntryTableViewCell.swift in Sources */,
				567EFC2F25A7B65D00CF360E /* Client.swift in Sources */,
				567EFC3A25A7B65D00CF360E /* EntryViewModel.swift in Sources */,
				567EFC3325A7B65D00CF360E /* EntryModel.swift in Sources */,
				567E027F25AAA02D00CF360E /* NSFWEntriesViewController.swift in Sources */,
			);
			runOnlyForDeploymentPostprocessing = 0;
		};
		31CAC1531D0B412600E553AC /* Sources */ = {
			isa = PBXSourcesBuildPhase;
			buildActionMask = 2147483647;
			files = (
				566C280825AD47EB00FF5E30 /* PersistenceTests.swift in Sources */,
				31AA46DF1D0B43A0006C42BA /* RedditEntryModelTest.swift in Sources */,
				31AA46F41D0C3F9E006C42BA /* TopEntriesViewModelTests.swift in Sources */,
				31AA46EE1D0B97EE006C42BA /* NSDate+AgeFormatterTests.swift in Sources */,
				567E027925AA9F3C00CF360E /* NSFWEntriesViewModelTests.swift in Sources */,
				31AA46E11D0B4D2C006C42BA /* ReditClientTests.swift in Sources */,
			);
			runOnlyForDeploymentPostprocessing = 0;
		};
/* End PBXSourcesBuildPhase section */

/* Begin PBXTargetDependency section */
		31CAC1591D0B412600E553AC /* PBXTargetDependency */ = {
			isa = PBXTargetDependency;
			target = 31CAC1421D0B412600E553AC /* freeza */;
			targetProxy = 31CAC1581D0B412600E553AC /* PBXContainerItemProxy */;
		};
/* End PBXTargetDependency section */

/* Begin PBXVariantGroup section */
		31CAC14A1D0B412600E553AC /* Main.storyboard */ = {
			isa = PBXVariantGroup;
			children = (
				31CAC14B1D0B412600E553AC /* Base */,
			);
			name = Main.storyboard;
			sourceTree = "<group>";
		};
		31CAC14F1D0B412600E553AC /* LaunchScreen.storyboard */ = {
			isa = PBXVariantGroup;
			children = (
				31CAC1501D0B412600E553AC /* Base */,
			);
			name = LaunchScreen.storyboard;
			sourceTree = "<group>";
		};
/* End PBXVariantGroup section */

/* Begin XCBuildConfiguration section */
		31CAC15E1D0B412600E553AC /* Debug */ = {
			isa = XCBuildConfiguration;
			buildSettings = {
				ALWAYS_SEARCH_USER_PATHS = NO;
				CLANG_ANALYZER_NONNULL = YES;
				CLANG_CXX_LANGUAGE_STANDARD = "gnu++0x";
				CLANG_CXX_LIBRARY = "libc++";
				CLANG_ENABLE_MODULES = YES;
				CLANG_ENABLE_OBJC_ARC = YES;
				CLANG_WARN_BLOCK_CAPTURE_AUTORELEASING = YES;
				CLANG_WARN_BOOL_CONVERSION = YES;
				CLANG_WARN_COMMA = YES;
				CLANG_WARN_CONSTANT_CONVERSION = YES;
				CLANG_WARN_DEPRECATED_OBJC_IMPLEMENTATIONS = YES;
				CLANG_WARN_DIRECT_OBJC_ISA_USAGE = YES_ERROR;
				CLANG_WARN_EMPTY_BODY = YES;
				CLANG_WARN_ENUM_CONVERSION = YES;
				CLANG_WARN_INFINITE_RECURSION = YES;
				CLANG_WARN_INT_CONVERSION = YES;
				CLANG_WARN_NON_LITERAL_NULL_CONVERSION = YES;
				CLANG_WARN_OBJC_IMPLICIT_RETAIN_SELF = YES;
				CLANG_WARN_OBJC_LITERAL_CONVERSION = YES;
				CLANG_WARN_OBJC_ROOT_CLASS = YES_ERROR;
				CLANG_WARN_QUOTED_INCLUDE_IN_FRAMEWORK_HEADER = YES;
				CLANG_WARN_RANGE_LOOP_ANALYSIS = YES;
				CLANG_WARN_STRICT_PROTOTYPES = YES;
				CLANG_WARN_SUSPICIOUS_MOVE = YES;
				CLANG_WARN_UNREACHABLE_CODE = YES;
				CLANG_WARN__DUPLICATE_METHOD_MATCH = YES;
				"CODE_SIGN_IDENTITY[sdk=iphoneos*]" = "iPhone Developer";
				COPY_PHASE_STRIP = NO;
				DEBUG_INFORMATION_FORMAT = dwarf;
				ENABLE_STRICT_OBJC_MSGSEND = YES;
				ENABLE_TESTABILITY = YES;
				GCC_C_LANGUAGE_STANDARD = gnu99;
				GCC_DYNAMIC_NO_PIC = NO;
				GCC_NO_COMMON_BLOCKS = YES;
				GCC_OPTIMIZATION_LEVEL = 0;
				GCC_PREPROCESSOR_DEFINITIONS = (
					"DEBUG=1",
					"$(inherited)",
				);
				GCC_WARN_64_TO_32_BIT_CONVERSION = YES;
				GCC_WARN_ABOUT_RETURN_TYPE = YES_ERROR;
				GCC_WARN_UNDECLARED_SELECTOR = YES;
				GCC_WARN_UNINITIALIZED_AUTOS = YES_AGGRESSIVE;
				GCC_WARN_UNUSED_FUNCTION = YES;
				GCC_WARN_UNUSED_VARIABLE = YES;
				IPHONEOS_DEPLOYMENT_TARGET = 12.0;
				MTL_ENABLE_DEBUG_INFO = YES;
				ONLY_ACTIVE_ARCH = YES;
				SDKROOT = iphoneos;
				SWIFT_OPTIMIZATION_LEVEL = "-Onone";
			};
			name = Debug;
		};
		31CAC15F1D0B412600E553AC /* Release */ = {
			isa = XCBuildConfiguration;
			buildSettings = {
				ALWAYS_SEARCH_USER_PATHS = NO;
				CLANG_ANALYZER_NONNULL = YES;
				CLANG_CXX_LANGUAGE_STANDARD = "gnu++0x";
				CLANG_CXX_LIBRARY = "libc++";
				CLANG_ENABLE_MODULES = YES;
				CLANG_ENABLE_OBJC_ARC = YES;
				CLANG_WARN_BLOCK_CAPTURE_AUTORELEASING = YES;
				CLANG_WARN_BOOL_CONVERSION = YES;
				CLANG_WARN_COMMA = YES;
				CLANG_WARN_CONSTANT_CONVERSION = YES;
				CLANG_WARN_DEPRECATED_OBJC_IMPLEMENTATIONS = YES;
				CLANG_WARN_DIRECT_OBJC_ISA_USAGE = YES_ERROR;
				CLANG_WARN_EMPTY_BODY = YES;
				CLANG_WARN_ENUM_CONVERSION = YES;
				CLANG_WARN_INFINITE_RECURSION = YES;
				CLANG_WARN_INT_CONVERSION = YES;
				CLANG_WARN_NON_LITERAL_NULL_CONVERSION = YES;
				CLANG_WARN_OBJC_IMPLICIT_RETAIN_SELF = YES;
				CLANG_WARN_OBJC_LITERAL_CONVERSION = YES;
				CLANG_WARN_OBJC_ROOT_CLASS = YES_ERROR;
				CLANG_WARN_QUOTED_INCLUDE_IN_FRAMEWORK_HEADER = YES;
				CLANG_WARN_RANGE_LOOP_ANALYSIS = YES;
				CLANG_WARN_STRICT_PROTOTYPES = YES;
				CLANG_WARN_SUSPICIOUS_MOVE = YES;
				CLANG_WARN_UNREACHABLE_CODE = YES;
				CLANG_WARN__DUPLICATE_METHOD_MATCH = YES;
				"CODE_SIGN_IDENTITY[sdk=iphoneos*]" = "iPhone Developer";
				COPY_PHASE_STRIP = NO;
				DEBUG_INFORMATION_FORMAT = "dwarf-with-dsym";
				ENABLE_NS_ASSERTIONS = NO;
				ENABLE_STRICT_OBJC_MSGSEND = YES;
				GCC_C_LANGUAGE_STANDARD = gnu99;
				GCC_NO_COMMON_BLOCKS = YES;
				GCC_WARN_64_TO_32_BIT_CONVERSION = YES;
				GCC_WARN_ABOUT_RETURN_TYPE = YES_ERROR;
				GCC_WARN_UNDECLARED_SELECTOR = YES;
				GCC_WARN_UNINITIALIZED_AUTOS = YES_AGGRESSIVE;
				GCC_WARN_UNUSED_FUNCTION = YES;
				GCC_WARN_UNUSED_VARIABLE = YES;
				IPHONEOS_DEPLOYMENT_TARGET = 12.0;
				MTL_ENABLE_DEBUG_INFO = NO;
				SDKROOT = iphoneos;
				SWIFT_OPTIMIZATION_LEVEL = "-Owholemodule";
				VALIDATE_PRODUCT = YES;
			};
			name = Release;
		};
		31CAC1611D0B412600E553AC /* Debug */ = {
			isa = XCBuildConfiguration;
			baseConfigurationReference = 380615784C9E115C698B4A08 /* Pods-freeza.debug.xcconfig */;
			buildSettings = {
				ASSETCATALOG_COMPILER_APPICON_NAME = AppIcon;
				INFOPLIST_FILE = freeza/Info.plist;
				LD_RUNPATH_SEARCH_PATHS = "$(inherited) @executable_path/Frameworks";
				PRODUCT_BUNDLE_IDENTIFIER = com.zerously.freeza;
				PRODUCT_NAME = "$(TARGET_NAME)";
				SWIFT_SWIFT3_OBJC_INFERENCE = Default;
				SWIFT_VERSION = 4.0;
			};
			name = Debug;
		};
		31CAC1621D0B412600E553AC /* Release */ = {
			isa = XCBuildConfiguration;
			baseConfigurationReference = 540ABF623CABD3CD31D24553 /* Pods-freeza.release.xcconfig */;
			buildSettings = {
				ASSETCATALOG_COMPILER_APPICON_NAME = AppIcon;
				INFOPLIST_FILE = freeza/Info.plist;
				LD_RUNPATH_SEARCH_PATHS = "$(inherited) @executable_path/Frameworks";
				PRODUCT_BUNDLE_IDENTIFIER = com.zerously.freeza;
				PRODUCT_NAME = "$(TARGET_NAME)";
				SWIFT_SWIFT3_OBJC_INFERENCE = Default;
				SWIFT_VERSION = 4.0;
			};
			name = Release;
		};
		31CAC1641D0B412600E553AC /* Debug */ = {
			isa = XCBuildConfiguration;
			baseConfigurationReference = 0D2D4A4A6BE9EB15CABC5CBB /* Pods-freezaTests.debug.xcconfig */;
			buildSettings = {
				ALWAYS_EMBED_SWIFT_STANDARD_LIBRARIES = YES;
				BUNDLE_LOADER = "$(TEST_HOST)";
				INFOPLIST_FILE = freezaTests/Info.plist;
				LD_RUNPATH_SEARCH_PATHS = "$(inherited) @executable_path/Frameworks @loader_path/Frameworks";
				PRODUCT_BUNDLE_IDENTIFIER = com.zerously.freezaTests;
				PRODUCT_NAME = "$(TARGET_NAME)";
				SWIFT_VERSION = 4.0;
				TEST_HOST = "$(BUILT_PRODUCTS_DIR)/freeza.app/freeza";
			};
			name = Debug;
		};
		31CAC1651D0B412600E553AC /* Release */ = {
			isa = XCBuildConfiguration;
			baseConfigurationReference = CF75DA7A4CF7CE0B36F903DD /* Pods-freezaTests.release.xcconfig */;
			buildSettings = {
				ALWAYS_EMBED_SWIFT_STANDARD_LIBRARIES = YES;
				BUNDLE_LOADER = "$(TEST_HOST)";
				INFOPLIST_FILE = freezaTests/Info.plist;
				LD_RUNPATH_SEARCH_PATHS = "$(inherited) @executable_path/Frameworks @loader_path/Frameworks";
				PRODUCT_BUNDLE_IDENTIFIER = com.zerously.freezaTests;
				PRODUCT_NAME = "$(TARGET_NAME)";
				SWIFT_VERSION = 4.0;
				TEST_HOST = "$(BUILT_PRODUCTS_DIR)/freeza.app/freeza";
			};
			name = Release;
		};
/* End XCBuildConfiguration section */

/* Begin XCConfigurationList section */
		31CAC13E1D0B412600E553AC /* Build configuration list for PBXProject "freeza" */ = {
			isa = XCConfigurationList;
			buildConfigurations = (
				31CAC15E1D0B412600E553AC /* Debug */,
				31CAC15F1D0B412600E553AC /* Release */,
			);
			defaultConfigurationIsVisible = 0;
			defaultConfigurationName = Release;
		};
		31CAC1601D0B412600E553AC /* Build configuration list for PBXNativeTarget "freeza" */ = {
			isa = XCConfigurationList;
			buildConfigurations = (
				31CAC1611D0B412600E553AC /* Debug */,
				31CAC1621D0B412600E553AC /* Release */,
			);
			defaultConfigurationIsVisible = 0;
			defaultConfigurationName = Release;
		};
		31CAC1631D0B412600E553AC /* Build configuration list for PBXNativeTarget "freezaTests" */ = {
			isa = XCConfigurationList;
			buildConfigurations = (
				31CAC1641D0B412600E553AC /* Debug */,
				31CAC1651D0B412600E553AC /* Release */,
			);
			defaultConfigurationIsVisible = 0;
			defaultConfigurationName = Release;
		};
/* End XCConfigurationList section */
	};
	rootObject = 31CAC13B1D0B412600E553AC /* Project object */;
}
